
Microsoft Visual Studio Solution File, Format Version 12.00
# Visual Studio Version 16
VisualStudioVersion = 16.0.31829.152
MinimumVisualStudioVersion = 10.0.40219.1
Project("{FAE04EC0-301F-11D3-BF4B-00C04F79EFBC}") = "BookStore", "BookStore.csproj", "{F368AFEE-E943-45AE-A70A-7D6B92527DA1}"
EndProject
Global
	GlobalSection(SolutionConfigurationPlatforms) = preSolution
		Debug|Any CPU = Debug|Any CPU
		Release|Any CPU = Release|Any CPU
	EndGlobalSection
	GlobalSection(ProjectConfigurationPlatforms) = postSolution
		{F368AFEE-E943-45AE-A70A-7D6B92527DA1}.Debug|Any CPU.ActiveCfg = Debug|Any CPU
		{F368AFEE-E943-45AE-A70A-7D6B92527DA1}.Debug|Any CPU.Build.0 = Debug|Any CPU
		{F368AFEE-E943-45AE-A70A-7D6B92527DA1}.Release|Any CPU.ActiveCfg = Release|Any CPU
		{F368AFEE-E943-45AE-A70A-7D6B92527DA1}.Release|Any CPU.Build.0 = Release|Any CPU
	EndGlobalSection
	GlobalSection(SolutionProperties) = preSolution
		HideSolutionNode = FALSE
	EndGlobalSection
	GlobalSection(ExtensibilityGlobals) = postSolution
		SolutionGuid = {14BBEE30-5875-4E37-9BA6-14EBA7513904}
	EndGlobalSection
EndGlobal
